// !$*UTF8*$!
{
	archiveVersion = 1;
	classes = {
	};
	objectVersion = 56;
	objects = {

/* Begin PBXBuildFile section */
		CA1E554E29291F9100BAFED9 /* Kevin_TestApp.swift in Sources */ = {isa = PBXBuildFile; fileRef = CA1E554D29291F9100BAFED9 /* Kevin_TestApp.swift */; };
		CA1E555229291F9100BAFED9 /* Assets.xcassets in Resources */ = {isa = PBXBuildFile; fileRef = CA1E555129291F9100BAFED9 /* Assets.xcassets */; };
		CA1E555529291F9100BAFED9 /* Preview Assets.xcassets in Resources */ = {isa = PBXBuildFile; fileRef = CA1E555429291F9100BAFED9 /* Preview Assets.xcassets */; };
		CA1E555F2929214400BAFED9 /* NewArrivalsView.swift in Sources */ = {isa = PBXBuildFile; fileRef = CA1E555E2929214400BAFED9 /* NewArrivalsView.swift */; };
		CA1E55632929337300BAFED9 /* CardView.swift in Sources */ = {isa = PBXBuildFile; fileRef = CA1E55622929337300BAFED9 /* CardView.swift */; };
		CA1E556D29294E6200BAFED9 /* NAViewModel.swift in Sources */ = {isa = PBXBuildFile; fileRef = CA1E556C29294E6200BAFED9 /* NAViewModel.swift */; };
		CA1E5570292950BF00BAFED9 /* NAModel.swift in Sources */ = {isa = PBXBuildFile; fileRef = CA1E556F292950BF00BAFED9 /* NAModel.swift */; };
		CA1E55732929DD7F00BAFED9 /* Color+.swift in Sources */ = {isa = PBXBuildFile; fileRef = CA1E55722929DD7F00BAFED9 /* Color+.swift */; };
		CA1E55762929E1D000BAFED9 /* SearchControl.swift in Sources */ = {isa = PBXBuildFile; fileRef = CA1E55752929E1D000BAFED9 /* SearchControl.swift */; };
		CA1E55782929F05100BAFED9 /* ProductListCard.swift in Sources */ = {isa = PBXBuildFile; fileRef = CA1E55772929F05100BAFED9 /* ProductListCard.swift */; };
		CA1E557A2929F17200BAFED9 /* starRating.swift in Sources */ = {isa = PBXBuildFile; fileRef = CA1E55792929F17200BAFED9 /* starRating.swift */; };
		CA1E557D2929F6D500BAFED9 /* SDWebImageSwiftUI in Frameworks */ = {isa = PBXBuildFile; productRef = CA1E557C2929F6D500BAFED9 /* SDWebImageSwiftUI */; };
		CA1E5580292A0FEA00BAFED9 /* SwiftyJSON in Frameworks */ = {isa = PBXBuildFile; productRef = CA1E557F292A0FEA00BAFED9 /* SwiftyJSON */; };
		CA1E5585292A176500BAFED9 /* ProductDetail.swift in Sources */ = {isa = PBXBuildFile; fileRef = CA1E5584292A176500BAFED9 /* ProductDetail.swift */; };
		CA1E5587292A19D400BAFED9 /* View+.swift in Sources */ = {isa = PBXBuildFile; fileRef = CA1E5586292A19D400BAFED9 /* View+.swift */; };
		CA1E5589292A2CF400BAFED9 /* Lottie.swift in Sources */ = {isa = PBXBuildFile; fileRef = CA1E5588292A2CF400BAFED9 /* Lottie.swift */; };
		CA1E5598292A43C600BAFED9 /* Lottie in Frameworks */ = {isa = PBXBuildFile; productRef = CA1E5597292A43C600BAFED9 /* Lottie */; };
		CA1E559A292A44DA00BAFED9 /* like.json in Resources */ = {isa = PBXBuildFile; fileRef = CA1E5599292A44DA00BAFED9 /* like.json */; };
		CA1E559E292A95E800BAFED9 /* Poppins-SemiBold.ttf in Resources */ = {isa = PBXBuildFile; fileRef = CA1E559C292A95A900BAFED9 /* Poppins-SemiBold.ttf */; };
		CA1E559F292A95EC00BAFED9 /* Poppins-Regular.ttf in Resources */ = {isa = PBXBuildFile; fileRef = CA1E559D292A95A900BAFED9 /* Poppins-Regular.ttf */; };
		CA1E55A3292A978500BAFED9 /* Fonts+.swift in Sources */ = {isa = PBXBuildFile; fileRef = CA1E55A2292A978500BAFED9 /* Fonts+.swift */; };
/* End PBXBuildFile section */

/* Begin PBXFileReference section */
		CA1E554A29291F9100BAFED9 /* Kevin_Test.app */ = {isa = PBXFileReference; explicitFileType = wrapper.application; includeInIndex = 0; path = Kevin_Test.app; sourceTree = BUILT_PRODUCTS_DIR; };
		CA1E554D29291F9100BAFED9 /* Kevin_TestApp.swift */ = {isa = PBXFileReference; lastKnownFileType = sourcecode.swift; path = Kevin_TestApp.swift; sourceTree = "<group>"; };
		CA1E555129291F9100BAFED9 /* Assets.xcassets */ = {isa = PBXFileReference; lastKnownFileType = folder.assetcatalog; path = Assets.xcassets; sourceTree = "<group>"; };
		CA1E555429291F9100BAFED9 /* Preview Assets.xcassets */ = {isa = PBXFileReference; lastKnownFileType = folder.assetcatalog; path = "Preview Assets.xcassets"; sourceTree = "<group>"; };
		CA1E555E2929214400BAFED9 /* NewArrivalsView.swift */ = {isa = PBXFileReference; lastKnownFileType = sourcecode.swift; path = NewArrivalsView.swift; sourceTree = "<group>"; };
		CA1E55622929337300BAFED9 /* CardView.swift */ = {isa = PBXFileReference; lastKnownFileType = sourcecode.swift; path = CardView.swift; sourceTree = "<group>"; };
		CA1E556C29294E6200BAFED9 /* NAViewModel.swift */ = {isa = PBXFileReference; lastKnownFileType = sourcecode.swift; path = NAViewModel.swift; sourceTree = "<group>"; };
		CA1E556F292950BF00BAFED9 /* NAModel.swift */ = {isa = PBXFileReference; lastKnownFileType = sourcecode.swift; path = NAModel.swift; sourceTree = "<group>"; };
		CA1E55722929DD7F00BAFED9 /* Color+.swift */ = {isa = PBXFileReference; lastKnownFileType = sourcecode.swift; path = "Color+.swift"; sourceTree = "<group>"; };
		CA1E55752929E1D000BAFED9 /* SearchControl.swift */ = {isa = PBXFileReference; lastKnownFileType = sourcecode.swift; path = SearchControl.swift; sourceTree = "<group>"; };
		CA1E55772929F05100BAFED9 /* ProductListCard.swift */ = {isa = PBXFileReference; lastKnownFileType = sourcecode.swift; path = ProductListCard.swift; sourceTree = "<group>"; };
		CA1E55792929F17200BAFED9 /* starRating.swift */ = {isa = PBXFileReference; lastKnownFileType = sourcecode.swift; path = starRating.swift; sourceTree = "<group>"; };
		CA1E5584292A176500BAFED9 /* ProductDetail.swift */ = {isa = PBXFileReference; lastKnownFileType = sourcecode.swift; path = ProductDetail.swift; sourceTree = "<group>"; };
		CA1E5586292A19D400BAFED9 /* View+.swift */ = {isa = PBXFileReference; lastKnownFileType = sourcecode.swift; path = "View+.swift"; sourceTree = "<group>"; };
		CA1E5588292A2CF400BAFED9 /* Lottie.swift */ = {isa = PBXFileReference; lastKnownFileType = sourcecode.swift; path = Lottie.swift; sourceTree = "<group>"; };
		CA1E5599292A44DA00BAFED9 /* like.json */ = {isa = PBXFileReference; fileEncoding = 4; lastKnownFileType = text.json; path = like.json; sourceTree = "<group>"; };
		CA1E559C292A95A900BAFED9 /* Poppins-SemiBold.ttf */ = {isa = PBXFileReference; lastKnownFileType = file; path = "Poppins-SemiBold.ttf"; sourceTree = "<group>"; };
		CA1E559D292A95A900BAFED9 /* Poppins-Regular.ttf */ = {isa = PBXFileReference; lastKnownFileType = file; path = "Poppins-Regular.ttf"; sourceTree = "<group>"; };
		CA1E55A0292A960600BAFED9 /* Kevin-Test-Info.plist */ = {isa = PBXFileReference; lastKnownFileType = text.plist; path = "Kevin-Test-Info.plist"; sourceTree = SOURCE_ROOT; };
		CA1E55A2292A978500BAFED9 /* Fonts+.swift */ = {isa = PBXFileReference; lastKnownFileType = sourcecode.swift; path = "Fonts+.swift"; sourceTree = "<group>"; };
/* End PBXFileReference section */

/* Begin PBXFrameworksBuildPhase section */
		CA1E554729291F9100BAFED9 /* Frameworks */ = {
			isa = PBXFrameworksBuildPhase;
			buildActionMask = 2147483647;
			files = (
				CA1E5580292A0FEA00BAFED9 /* SwiftyJSON in Frameworks */,
				CA1E557D2929F6D500BAFED9 /* SDWebImageSwiftUI in Frameworks */,
				CA1E5598292A43C600BAFED9 /* Lottie in Frameworks */,
			);
			runOnlyForDeploymentPostprocessing = 0;
		};
/* End PBXFrameworksBuildPhase section */

/* Begin PBXGroup section */
		CA1E554129291F9100BAFED9 = {
			isa = PBXGroup;
			children = (
				CA1E554C29291F9100BAFED9 /* Kevin_Test */,
				CA1E554B29291F9100BAFED9 /* Products */,
			);
			sourceTree = "<group>";
		};
		CA1E554B29291F9100BAFED9 /* Products */ = {
			isa = PBXGroup;
			children = (
				CA1E554A29291F9100BAFED9 /* Kevin_Test.app */,
			);
			name = Products;
			sourceTree = "<group>";
		};
		CA1E554C29291F9100BAFED9 /* Kevin_Test */ = {
			isa = PBXGroup;
			children = (
				CA1E55A0292A960600BAFED9 /* Kevin-Test-Info.plist */,
				CA1E559B292A959F00BAFED9 /* Font */,
				CA1E558D292A2E1700BAFED9 /* Lottie */,
				CA1E5582292A168E00BAFED9 /* Screens */,
				CA1E55742929E1C500BAFED9 /* Component */,
				CA1E55712929DD7100BAFED9 /* Color */,
				CA1E55612929336000BAFED9 /* Helpers */,
				CA1E554D29291F9100BAFED9 /* Kevin_TestApp.swift */,
				CA1E555129291F9100BAFED9 /* Assets.xcassets */,
				CA1E555329291F9100BAFED9 /* Preview Content */,
			);
			path = Kevin_Test;
			sourceTree = "<group>";
		};
		CA1E555329291F9100BAFED9 /* Preview Content */ = {
			isa = PBXGroup;
			children = (
				CA1E555429291F9100BAFED9 /* Preview Assets.xcassets */,
			);
			path = "Preview Content";
			sourceTree = "<group>";
		};
		CA1E555B292920B400BAFED9 /* NewArrivals */ = {
			isa = PBXGroup;
			children = (
				CA1E556E292950B000BAFED9 /* Model */,
				CA1E555D292920FD00BAFED9 /* ViewModel */,
				CA1E555C292920F300BAFED9 /* View */,
			);
			path = NewArrivals;
			sourceTree = "<group>";
		};
		CA1E555C292920F300BAFED9 /* View */ = {
			isa = PBXGroup;
			children = (
				CA1E555E2929214400BAFED9 /* NewArrivalsView.swift */,
			);
			path = View;
			sourceTree = "<group>";
		};
		CA1E555D292920FD00BAFED9 /* ViewModel */ = {
			isa = PBXGroup;
			children = (
				CA1E556C29294E6200BAFED9 /* NAViewModel.swift */,
			);
			path = ViewModel;
			sourceTree = "<group>";
		};
		CA1E55612929336000BAFED9 /* Helpers */ = {
			isa = PBXGroup;
			children = (
				CA1E55622929337300BAFED9 /* CardView.swift */,
				CA1E5586292A19D400BAFED9 /* View+.swift */,
				CA1E5588292A2CF400BAFED9 /* Lottie.swift */,
			);
			path = Helpers;
			sourceTree = "<group>";
		};
		CA1E556E292950B000BAFED9 /* Model */ = {
			isa = PBXGroup;
			children = (
				CA1E556F292950BF00BAFED9 /* NAModel.swift */,
			);
			path = Model;
			sourceTree = "<group>";
		};
		CA1E55712929DD7100BAFED9 /* Color */ = {
			isa = PBXGroup;
			children = (
				CA1E55722929DD7F00BAFED9 /* Color+.swift */,
			);
			path = Color;
			sourceTree = "<group>";
		};
		CA1E55742929E1C500BAFED9 /* Component */ = {
			isa = PBXGroup;
			children = (
				CA1E55752929E1D000BAFED9 /* SearchControl.swift */,
				CA1E55772929F05100BAFED9 /* ProductListCard.swift */,
				CA1E55792929F17200BAFED9 /* starRating.swift */,
			);
			path = Component;
			sourceTree = "<group>";
		};
		CA1E5581292A167100BAFED9 /* ProductDetail */ = {
			isa = PBXGroup;
			children = (
				CA1E5583292A175700BAFED9 /* View */,
			);
			path = ProductDetail;
			sourceTree = "<group>";
		};
		CA1E5582292A168E00BAFED9 /* Screens */ = {
			isa = PBXGroup;
			children = (
				CA1E555B292920B400BAFED9 /* NewArrivals */,
				CA1E5581292A167100BAFED9 /* ProductDetail */,
			);
			path = Screens;
			sourceTree = "<group>";
		};
		CA1E5583292A175700BAFED9 /* View */ = {
			isa = PBXGroup;
			children = (
				CA1E5584292A176500BAFED9 /* ProductDetail.swift */,
			);
			path = View;
			sourceTree = "<group>";
		};
		CA1E558D292A2E1700BAFED9 /* Lottie */ = {
			isa = PBXGroup;
			children = (
				CA1E5599292A44DA00BAFED9 /* like.json */,
			);
			path = Lottie;
			sourceTree = "<group>";
		};
		CA1E559B292A959F00BAFED9 /* Font */ = {
			isa = PBXGroup;
			children = (
				CA1E55A1292A977600BAFED9 /* Font+ */,
				CA1E559D292A95A900BAFED9 /* Poppins-Regular.ttf */,
				CA1E559C292A95A900BAFED9 /* Poppins-SemiBold.ttf */,
			);
			path = Font;
			sourceTree = "<group>";
		};
		CA1E55A1292A977600BAFED9 /* Font+ */ = {
			isa = PBXGroup;
			children = (
				CA1E55A2292A978500BAFED9 /* Fonts+.swift */,
			);
			path = "Font+";
			sourceTree = "<group>";
		};
/* End PBXGroup section */

/* Begin PBXNativeTarget section */
		CA1E554929291F9100BAFED9 /* Kevin_Test */ = {
			isa = PBXNativeTarget;
			buildConfigurationList = CA1E555829291F9100BAFED9 /* Build configuration list for PBXNativeTarget "Kevin_Test" */;
			buildPhases = (
				CA1E554629291F9100BAFED9 /* Sources */,
				CA1E554729291F9100BAFED9 /* Frameworks */,
				CA1E554829291F9100BAFED9 /* Resources */,
			);
			buildRules = (
			);
			dependencies = (
			);
			name = Kevin_Test;
			packageProductDependencies = (
				CA1E557C2929F6D500BAFED9 /* SDWebImageSwiftUI */,
				CA1E557F292A0FEA00BAFED9 /* SwiftyJSON */,
				CA1E5597292A43C600BAFED9 /* Lottie */,
			);
			productName = Kevin_Test;
			productReference = CA1E554A29291F9100BAFED9 /* Kevin_Test.app */;
			productType = "com.apple.product-type.application";
		};
/* End PBXNativeTarget section */

/* Begin PBXProject section */
		CA1E554229291F9100BAFED9 /* Project object */ = {
			isa = PBXProject;
			attributes = {
				BuildIndependentTargetsInParallel = 1;
				LastSwiftUpdateCheck = 1400;
				LastUpgradeCheck = 1400;
				TargetAttributes = {
					CA1E554929291F9100BAFED9 = {
						CreatedOnToolsVersion = 14.0.1;
					};
				};
			};
			buildConfigurationList = CA1E554529291F9100BAFED9 /* Build configuration list for PBXProject "Kevin_Test" */;
			compatibilityVersion = "Xcode 14.0";
			developmentRegion = en;
			hasScannedForEncodings = 0;
			knownRegions = (
				en,
				Base,
			);
			mainGroup = CA1E554129291F9100BAFED9;
			packageReferences = (
				CA1E557B2929F6D500BAFED9 /* XCRemoteSwiftPackageReference "SDWebImageSwiftUI" */,
				CA1E557E292A0FEA00BAFED9 /* XCRemoteSwiftPackageReference "SwiftyJSON" */,
				CA1E5596292A43C600BAFED9 /* XCRemoteSwiftPackageReference "lottie-ios" */,
			);
			productRefGroup = CA1E554B29291F9100BAFED9 /* Products */;
			projectDirPath = "";
			projectRoot = "";
			targets = (
				CA1E554929291F9100BAFED9 /* Kevin_Test */,
			);
		};
/* End PBXProject section */

/* Begin PBXResourcesBuildPhase section */
		CA1E554829291F9100BAFED9 /* Resources */ = {
			isa = PBXResourcesBuildPhase;
			buildActionMask = 2147483647;
			files = (
				CA1E555529291F9100BAFED9 /* Preview Assets.xcassets in Resources */,
				CA1E559E292A95E800BAFED9 /* Poppins-SemiBold.ttf in Resources */,
				CA1E555229291F9100BAFED9 /* Assets.xcassets in Resources */,
				CA1E559A292A44DA00BAFED9 /* like.json in Resources */,
				CA1E559F292A95EC00BAFED9 /* Poppins-Regular.ttf in Resources */,
			);
			runOnlyForDeploymentPostprocessing = 0;
		};
/* End PBXResourcesBuildPhase section */

/* Begin PBXSourcesBuildPhase section */
		CA1E554629291F9100BAFED9 /* Sources */ = {
			isa = PBXSourcesBuildPhase;
			buildActionMask = 2147483647;
			files = (
				CA1E557A2929F17200BAFED9 /* starRating.swift in Sources */,
				CA1E55732929DD7F00BAFED9 /* Color+.swift in Sources */,
				CA1E554E29291F9100BAFED9 /* Kevin_TestApp.swift in Sources */,
				CA1E55632929337300BAFED9 /* CardView.swift in Sources */,
				CA1E555F2929214400BAFED9 /* NewArrivalsView.swift in Sources */,
				CA1E5587292A19D400BAFED9 /* View+.swift in Sources */,
				CA1E55782929F05100BAFED9 /* ProductListCard.swift in Sources */,
				CA1E5585292A176500BAFED9 /* ProductDetail.swift in Sources */,
				CA1E5589292A2CF400BAFED9 /* Lottie.swift in Sources */,
				CA1E55762929E1D000BAFED9 /* SearchControl.swift in Sources */,
				CA1E556D29294E6200BAFED9 /* NAViewModel.swift in Sources */,
				CA1E5570292950BF00BAFED9 /* NAModel.swift in Sources */,
				CA1E55A3292A978500BAFED9 /* Fonts+.swift in Sources */,
			);
			runOnlyForDeploymentPostprocessing = 0;
		};
/* End PBXSourcesBuildPhase section */

/* Begin XCBuildConfiguration section */
		CA1E555629291F9100BAFED9 /* Debug */ = {
			isa = XCBuildConfiguration;
			buildSettings = {
				ALWAYS_SEARCH_USER_PATHS = NO;
				CLANG_ANALYZER_NONNULL = YES;
				CLANG_ANALYZER_NUMBER_OBJECT_CONVERSION = YES_AGGRESSIVE;
				CLANG_CXX_LANGUAGE_STANDARD = "gnu++20";
				CLANG_ENABLE_MODULES = YES;
				CLANG_ENABLE_OBJC_ARC = YES;
				CLANG_ENABLE_OBJC_WEAK = YES;
				CLANG_WARN_BLOCK_CAPTURE_AUTORELEASING = YES;
				CLANG_WARN_BOOL_CONVERSION = YES;
				CLANG_WARN_COMMA = YES;
				CLANG_WARN_CONSTANT_CONVERSION = YES;
				CLANG_WARN_DEPRECATED_OBJC_IMPLEMENTATIONS = YES;
				CLANG_WARN_DIRECT_OBJC_ISA_USAGE = YES_ERROR;
				CLANG_WARN_DOCUMENTATION_COMMENTS = YES;
				CLANG_WARN_EMPTY_BODY = YES;
				CLANG_WARN_ENUM_CONVERSION = YES;
				CLANG_WARN_INFINITE_RECURSION = YES;
				CLANG_WARN_INT_CONVERSION = YES;
				CLANG_WARN_NON_LITERAL_NULL_CONVERSION = YES;
				CLANG_WARN_OBJC_IMPLICIT_RETAIN_SELF = YES;
				CLANG_WARN_OBJC_LITERAL_CONVERSION = YES;
				CLANG_WARN_OBJC_ROOT_CLASS = YES_ERROR;
				CLANG_WARN_QUOTED_INCLUDE_IN_FRAMEWORK_HEADER = YES;
				CLANG_WARN_RANGE_LOOP_ANALYSIS = YES;
				CLANG_WARN_STRICT_PROTOTYPES = YES;
				CLANG_WARN_SUSPICIOUS_MOVE = YES;
				CLANG_WARN_UNGUARDED_AVAILABILITY = YES_AGGRESSIVE;
				CLANG_WARN_UNREACHABLE_CODE = YES;
				CLANG_WARN__DUPLICATE_METHOD_MATCH = YES;
				COPY_PHASE_STRIP = NO;
				DEBUG_INFORMATION_FORMAT = dwarf;
				ENABLE_STRICT_OBJC_MSGSEND = YES;
				ENABLE_TESTABILITY = YES;
				GCC_C_LANGUAGE_STANDARD = gnu11;
				GCC_DYNAMIC_NO_PIC = NO;
				GCC_NO_COMMON_BLOCKS = YES;
				GCC_OPTIMIZATION_LEVEL = 0;
				GCC_PREPROCESSOR_DEFINITIONS = (
					"DEBUG=1",
					"$(inherited)",
				);
				GCC_WARN_64_TO_32_BIT_CONVERSION = YES;
				GCC_WARN_ABOUT_RETURN_TYPE = YES_ERROR;
				GCC_WARN_UNDECLARED_SELECTOR = YES;
				GCC_WARN_UNINITIALIZED_AUTOS = YES_AGGRESSIVE;
				GCC_WARN_UNUSED_FUNCTION = YES;
				GCC_WARN_UNUSED_VARIABLE = YES;
				IPHONEOS_DEPLOYMENT_TARGET = 16.0;
				MTL_ENABLE_DEBUG_INFO = INCLUDE_SOURCE;
				MTL_FAST_MATH = YES;
				ONLY_ACTIVE_ARCH = YES;
				SDKROOT = iphoneos;
				SWIFT_ACTIVE_COMPILATION_CONDITIONS = DEBUG;
				SWIFT_OPTIMIZATION_LEVEL = "-Onone";
			};
			name = Debug;
		};
		CA1E555729291F9100BAFED9 /* Release */ = {
			isa = XCBuildConfiguration;
			buildSettings = {
				ALWAYS_SEARCH_USER_PATHS = NO;
				CLANG_ANALYZER_NONNULL = YES;
				CLANG_ANALYZER_NUMBER_OBJECT_CONVERSION = YES_AGGRESSIVE;
				CLANG_CXX_LANGUAGE_STANDARD = "gnu++20";
				CLANG_ENABLE_MODULES = YES;
				CLANG_ENABLE_OBJC_ARC = YES;
				CLANG_ENABLE_OBJC_WEAK = YES;
				CLANG_WARN_BLOCK_CAPTURE_AUTORELEASING = YES;
				CLANG_WARN_BOOL_CONVERSION = YES;
				CLANG_WARN_COMMA = YES;
				CLANG_WARN_CONSTANT_CONVERSION = YES;
				CLANG_WARN_DEPRECATED_OBJC_IMPLEMENTATIONS = YES;
				CLANG_WARN_DIRECT_OBJC_ISA_USAGE = YES_ERROR;
				CLANG_WARN_DOCUMENTATION_COMMENTS = YES;
				CLANG_WARN_EMPTY_BODY = YES;
				CLANG_WARN_ENUM_CONVERSION = YES;
				CLANG_WARN_INFINITE_RECURSION = YES;
				CLANG_WARN_INT_CONVERSION = YES;
				CLANG_WARN_NON_LITERAL_NULL_CONVERSION = YES;
				CLANG_WARN_OBJC_IMPLICIT_RETAIN_SELF = YES;
				CLANG_WARN_OBJC_LITERAL_CONVERSION = YES;
				CLANG_WARN_OBJC_ROOT_CLASS = YES_ERROR;
				CLANG_WARN_QUOTED_INCLUDE_IN_FRAMEWORK_HEADER = YES;
				CLANG_WARN_RANGE_LOOP_ANALYSIS = YES;
				CLANG_WARN_STRICT_PROTOTYPES = YES;
				CLANG_WARN_SUSPICIOUS_MOVE = YES;
				CLANG_WARN_UNGUARDED_AVAILABILITY = YES_AGGRESSIVE;
				CLANG_WARN_UNREACHABLE_CODE = YES;
				CLANG_WARN__DUPLICATE_METHOD_MATCH = YES;
				COPY_PHASE_STRIP = NO;
				DEBUG_INFORMATION_FORMAT = "dwarf-with-dsym";
				ENABLE_NS_ASSERTIONS = NO;
				ENABLE_STRICT_OBJC_MSGSEND = YES;
				GCC_C_LANGUAGE_STANDARD = gnu11;
				GCC_NO_COMMON_BLOCKS = YES;
				GCC_WARN_64_TO_32_BIT_CONVERSION = YES;
				GCC_WARN_ABOUT_RETURN_TYPE = YES_ERROR;
				GCC_WARN_UNDECLARED_SELECTOR = YES;
				GCC_WARN_UNINITIALIZED_AUTOS = YES_AGGRESSIVE;
				GCC_WARN_UNUSED_FUNCTION = YES;
				GCC_WARN_UNUSED_VARIABLE = YES;
				IPHONEOS_DEPLOYMENT_TARGET = 16.0;
				MTL_ENABLE_DEBUG_INFO = NO;
				MTL_FAST_MATH = YES;
				SDKROOT = iphoneos;
				SWIFT_COMPILATION_MODE = wholemodule;
				SWIFT_OPTIMIZATION_LEVEL = "-O";
				VALIDATE_PRODUCT = YES;
			};
			name = Release;
		};
		CA1E555929291F9100BAFED9 /* Debug */ = {
			isa = XCBuildConfiguration;
			buildSettings = {
				ASSETCATALOG_COMPILER_APPICON_NAME = AppIcon;
				ASSETCATALOG_COMPILER_GLOBAL_ACCENT_COLOR_NAME = AccentColor;
				CODE_SIGN_STYLE = Automatic;
				CURRENT_PROJECT_VERSION = 1;
				DEVELOPMENT_ASSET_PATHS = "\"Kevin_Test/Preview Content\"";
				ENABLE_PREVIEWS = YES;
				GENERATE_INFOPLIST_FILE = YES;
				INFOPLIST_FILE = "Kevin-Test-Info.plist";
				INFOPLIST_KEY_UIApplicationSceneManifest_Generation = YES;
				INFOPLIST_KEY_UIApplicationSupportsIndirectInputEvents = YES;
				INFOPLIST_KEY_UILaunchScreen_Generation = YES;
				INFOPLIST_KEY_UISupportedInterfaceOrientations_iPad = "UIInterfaceOrientationPortrait UIInterfaceOrientationPortraitUpsideDown UIInterfaceOrientationLandscapeLeft UIInterfaceOrientationLandscapeRight";
				INFOPLIST_KEY_UISupportedInterfaceOrientations_iPhone = "UIInterfaceOrientationPortrait UIInterfaceOrientationLandscapeLeft UIInterfaceOrientationLandscapeRight";
				LD_RUNPATH_SEARCH_PATHS = (
					"$(inherited)",
					"@executable_path/Frameworks",
				);
				MARKETING_VERSION = 1.0;
				PRODUCT_BUNDLE_IDENTIFIER = "com.matchedTest.ash.Kevin-Test";
				PRODUCT_NAME = "$(TARGET_NAME)";
				SWIFT_EMIT_LOC_STRINGS = YES;
				SWIFT_VERSION = 5.0;
				TARGETED_DEVICE_FAMILY = "1,2";
			};
			name = Debug;
		};
		CA1E555A29291F9100BAFED9 /* Release */ = {
			isa = XCBuildConfiguration;
			buildSettings = {
				ASSETCATALOG_COMPILER_APPICON_NAME = AppIcon;
				ASSETCATALOG_COMPILER_GLOBAL_ACCENT_COLOR_NAME = AccentColor;
				CODE_SIGN_STYLE = Automatic;
				CURRENT_PROJECT_VERSION = 1;
				DEVELOPMENT_ASSET_PATHS = "\"Kevin_Test/Preview Content\"";
				ENABLE_PREVIEWS = YES;
				GENERATE_INFOPLIST_FILE = YES;
				INFOPLIST_FILE = "Kevin-Test-Info.plist";
				INFOPLIST_KEY_UIApplicationSceneManifest_Generation = YES;
				INFOPLIST_KEY_UIApplicationSupportsIndirectInputEvents = YES;
				INFOPLIST_KEY_UILaunchScreen_Generation = YES;
				INFOPLIST_KEY_UISupportedInterfaceOrientations_iPad = "UIInterfaceOrientationPortrait UIInterfaceOrientationPortraitUpsideDown UIInterfaceOrientationLandscapeLeft UIInterfaceOrientationLandscapeRight";
				INFOPLIST_KEY_UISupportedInterfaceOrientations_iPhone = "UIInterfaceOrientationPortrait UIInterfaceOrientationLandscapeLeft UIInterfaceOrientationLandscapeRight";
				LD_RUNPATH_SEARCH_PATHS = (
					"$(inherited)",
					"@executable_path/Frameworks",
				);
				MARKETING_VERSION = 1.0;
				PRODUCT_BUNDLE_IDENTIFIER = "com.matchedTest.ash.Kevin-Test";
				PRODUCT_NAME = "$(TARGET_NAME)";
				SWIFT_EMIT_LOC_STRINGS = YES;
				SWIFT_VERSION = 5.0;
				TARGETED_DEVICE_FAMILY = "1,2";
			};
			name = Release;
		};
/* End XCBuildConfiguration section */

/* Begin XCConfigurationList section */
		CA1E554529291F9100BAFED9 /* Build configuration list for PBXProject "Kevin_Test" */ = {
			isa = XCConfigurationList;
			buildConfigurations = (
				CA1E555629291F9100BAFED9 /* Debug */,
				CA1E555729291F9100BAFED9 /* Release */,
			);
			defaultConfigurationIsVisible = 0;
			defaultConfigurationName = Release;
		};
		CA1E555829291F9100BAFED9 /* Build configuration list for PBXNativeTarget "Kevin_Test" */ = {
			isa = XCConfigurationList;
			buildConfigurations = (
				CA1E555929291F9100BAFED9 /* Debug */,
				CA1E555A29291F9100BAFED9 /* Release */,
			);
			defaultConfigurationIsVisible = 0;
			defaultConfigurationName = Release;
		};
/* End XCConfigurationList section */

/* Begin XCRemoteSwiftPackageReference section */
		CA1E557B2929F6D500BAFED9 /* XCRemoteSwiftPackageReference "SDWebImageSwiftUI" */ = {
			isa = XCRemoteSwiftPackageReference;
			repositoryURL = "https://github.com/SDWebImage/SDWebImageSwiftUI.git";
			requirement = {
				kind = upToNextMajorVersion;
				minimumVersion = 2.0.0;
			};
		};
		CA1E557E292A0FEA00BAFED9 /* XCRemoteSwiftPackageReference "SwiftyJSON" */ = {
			isa = XCRemoteSwiftPackageReference;
			repositoryURL = "https://github.com/SwiftyJSON/SwiftyJSON";
			requirement = {
				kind = upToNextMajorVersion;
				minimumVersion = 5.0.0;
			};
		};
		CA1E5596292A43C600BAFED9 /* XCRemoteSwiftPackageReference "lottie-ios" */ = {
			isa = XCRemoteSwiftPackageReference;
			repositoryURL = "https://github.com/airbnb/lottie-ios.git";
			requirement = {
				kind = upToNextMajorVersion;
				minimumVersion = 3.0.0;
			};
		};
/* End XCRemoteSwiftPackageReference section */

/* Begin XCSwiftPackageProductDependency section */
		CA1E557C2929F6D500BAFED9 /* SDWebImageSwiftUI */ = {
			isa = XCSwiftPackageProductDependency;
			package = CA1E557B2929F6D500BAFED9 /* XCRemoteSwiftPackageReference "SDWebImageSwiftUI" */;
			productName = SDWebImageSwiftUI;
		};
		CA1E557F292A0FEA00BAFED9 /* SwiftyJSON */ = {
			isa = XCSwiftPackageProductDependency;
			package = CA1E557E292A0FEA00BAFED9 /* XCRemoteSwiftPackageReference "SwiftyJSON" */;
			productName = SwiftyJSON;
		};
		CA1E5597292A43C600BAFED9 /* Lottie */ = {
			isa = XCSwiftPackageProductDependency;
			package = CA1E5596292A43C600BAFED9 /* XCRemoteSwiftPackageReference "lottie-ios" */;
			productName = Lottie;
		};
/* End XCSwiftPackageProductDependency section */
	};
	rootObject = CA1E554229291F9100BAFED9 /* Project object */;
}
